lockfileVersion: '9.0'

settings:
  autoInstallPeers: true
  excludeLinksFromLockfile: false

importers:

  .:
    devDependencies:
      '@doneisbetter/gds-admin':
        specifier: 3.4.3
        version: 3.4.3(31d683ff181bba000d8c88a9b4b7d8fb)
      '@doneisbetter/gds-core':
        specifier: 3.4.3
        version: 3.4.3(@doneisbetter/gds-theme@3.4.3(@mantine/core@9.3.0(@mantine/hooks@9.3.0(react@19.2.7))(react-dom@19.2.7(react@19.2.7))(react@19.2.7))(@mantine/hooks@9.3.0(react@19.2.7))(@mantine/modals@9.3.0(@mantine/core@9.3.0(@mantine/hooks@9.3.0(react@19.2.7))(react-dom@19.2.7(react@19.2.7))(react@19.2.7))(@mantine/hooks@9.3.0(react@19.2.7))(react-dom@19.2.7(react@19.2.7))(react@19.2.7))(@mantine/notifications@9.3.0(@mantine/core@9.3.0(@mantine/hooks@9.3.0(react@19.2.7))(react-dom@19.2.7(react@19.2.7))(react@19.2.7))(@mantine/hooks@9.3.0(react@19.2.7))(react-dom@19.2.7(react@19.2.7))(react@19.2.7))(react-dom@19.2.7(react@19.2.7))(react@19.2.7))(@mantine/core@9.3.0(@mantine/hooks@9.3.0(react@19.2.7))(react-dom@19.2.7(react@19.2.7))(react@19.2.7))(@mantine/hooks@9.3.0(react@19.2.7))(@tabler/icons-react@3.44.0(react@19.2.7))(react-dom@19.2.7(react@19.2.7))(react@19.2.7)
      '@doneisbetter/gds-theme':
        specifier: 3.4.3
        version: 3.4.3(@mantine/core@9.3.0(@mantine/hooks@9.3.0(react@19.2.7))(react-dom@19.2.7(react@19.2.7))(react@19.2.7))(@mantine/hooks@9.3.0(react@19.2.7))(@mantine/modals@9.3.0(@mantine/core@9.3.0(@mantine/hooks@9.3.0(react@19.2.7))(react-dom@19.2.7(react@19.2.7))(react@19.2.7))(@mantine/hooks@9.3.0(react@19.2.7))(react-dom@19.2.7(react@19.2.7))(react@19.2.7))(@mantine/notifications@9.3.0(@mantine/core@9.3.0(@mantine/hooks@9.3.0(react@19.2.7))(react-dom@19.2.7(react@19.2.7))(react@19.2.7))(@mantine/hooks@9.3.0(react@19.2.7))(react-dom@19.2.7(react@19.2.7))(react@19.2.7))(react-dom@19.2.7(react@19.2.7))(react@19.2.7)

packages:

  '@babel/runtime@7.29.7':
    resolution: {integrity: sha512-Nq8OhGWiZIZGV6hLHoyAKLLcJihP/xFeBMGJoUrxTX2psI8dCifzLhZISFb+VWS3wFMRDmCGw5R+dOySCqPLhw==}
    engines: {node: '>=6.9.0'}

  '@doneisbetter/gds-admin@3.4.3':
    resolution: {integrity: sha512-BT/ENweHpnj4kfA71z4ErOmdU2w8zUNLZBi7bAxuAKwPVovtb2YDNRUXRsZjrgHcRVz9YiByWdNlOq+ZIjZHCQ==}
    peerDependencies:
      '@doneisbetter/gds-core': 3.4.3
      '@doneisbetter/gds-theme': 3.4.3
      '@mantine/core': ^7.9.0 || ^8.3.0 || ^9.0.0
      '@mantine/hooks': ^7.9.0 || ^8.3.0 || ^9.0.0
      '@tabler/icons-react': ^3.5.0
      react: ^18.2.0 || ^19.0.0
      react-dom: ^18.2.0 || ^19.0.0

  '@doneisbetter/gds-core@3.4.3':
    resolution: {integrity: sha512-PnSVzqPz6RrIWcAH9M6/xWxfWQaYaNHS3ZAUXxoy83cRJiKPu02/8TGg857UnGXQTilACRDqSzpdC+eE8urkJw==}
    peerDependencies:
      '@doneisbetter/gds-theme': 3.4.3
      '@mantine/core': ^7.9.0 || ^8.3.0 || ^9.0.0
      '@mantine/hooks': ^7.9.0 || ^8.3.0 || ^9.0.0
      '@tabler/icons-react': ^3.5.0
      react: ^18.2.0 || ^19.0.0
      react-dom: ^18.2.0 || ^19.0.0

  '@doneisbetter/gds-theme@3.4.3':
    resolution: {integrity: sha512-NEC/5KaTl2Vq5TrA/51ZBsVIQPL17HkhNGCg7YESj77q8EoDe4ZaQsomCNzTs7I092oCK03aVfPYRc+wNYWHjQ==}
    peerDependencies:
      '@mantine/core': ^7.9.0 || ^8.3.0 || ^9.0.0
      '@mantine/hooks': ^7.9.0 || ^8.3.0 || ^9.0.0
      '@mantine/modals': ^7.9.0 || ^8.3.0 || ^9.0.0
      '@mantine/notifications': ^7.9.0 || ^8.3.0 || ^9.0.0
      react: ^18.2.0 || ^19.0.0
      react-dom: ^18.2.0 || ^19.0.0

  '@floating-ui/core@1.7.5':
    resolution: {integrity: sha512-1Ih4WTWyw0+lKyFMcBHGbb5U5FtuHJuujoyyr5zTaWS5EYMeT6Jb2AuDeftsCsEuchO+mM2ij5+q9crhydzLhQ==}

  '@floating-ui/dom@1.7.6':
    resolution: {integrity: sha512-9gZSAI5XM36880PPMm//9dfiEngYoC6Am2izES1FF406YFsjvyBMmeJ2g4SAju3xWwtuynNRFL2s9hgxpLI5SQ==}

  '@floating-ui/react-dom@2.1.8':
    resolution: {integrity: sha512-cC52bHwM/n/CxS87FH0yWdngEZrjdtLW/qVruo68qg+prK7ZQ4YGdut2GyDVpoGeAYe/h899rVeOVm6Oi40k2A==}
    peerDependencies:
      react: '>=16.8.0'
      react-dom: '>=16.8.0'

  '@floating-ui/react@0.27.19':
    resolution: {integrity: sha512-31B8h5mm8YxotlE7/AU/PhNAl8eWxAmjL/v2QOxroDNkTFLk3Uu82u63N3b6TXa4EGJeeZLVcd/9AlNlVqzeog==}
    peerDependencies:
      react: '>=17.0.0'
      react-dom: '>=17.0.0'

  '@floating-ui/utils@0.2.11':
    resolution: {integrity: sha512-RiB/yIh78pcIxl6lLMG0CgBXAZ2Y0eVHqMPYugu+9U0AeT6YBeiJpf7lbdJNIugFP5SIjwNRgo4DhR1Qxi26Gg==}

  '@mantine/core@9.3.0':
    resolution: {integrity: sha512-mHVCm61YVW9ipy9eHiKMqsRUm3TkOErbdw7zHs0HRw5g403nf7tSTqNGvaYE+aX1Py874qMkrUzeQfj4bjiiBA==}
    peerDependencies:
      '@mantine/hooks': 9.3.0
      react: ^19.2.0
      react-dom: ^19.2.0

  '@mantine/hooks@9.3.0':
    resolution: {integrity: sha512-QoSr9WI4WsKWrM3qFYYizHUn3+n+CVcFMYe4sdlnmFPStvs6BacPODKJSbFlYl73Z20t82JIy0eKqt4noHQI2g==}
    peerDependencies:
      react: ^19.2.0

  '@mantine/modals@9.3.0':
    resolution: {integrity: sha512-Hnj7Mm89VW4kTnHrzaB3UARZg3qgaRr0jvSqSvwJMdgpY6WykyqLKeMyFE+7YQNq44gQ46yV3Q3VOyZsHchaew==}
    peerDependencies:
      '@mantine/core': 9.3.0
      '@mantine/hooks': 9.3.0
      react: ^19.2.0
      react-dom: ^19.2.0

  '@mantine/notifications@9.3.0':
    resolution: {integrity: sha512-ikkgAVGccbyU/WLru6b2cZsVqky8iEvduCPAPBnSPd5UQBEjcZr11F0LFUGAHwBM94InDzdf4HQiSBMG2lXRRw==}
    peerDependencies:
      '@mantine/core': 9.3.0
      '@mantine/hooks': 9.3.0
      react: ^19.2.0
      react-dom: ^19.2.0

  '@mantine/store@9.3.0':
    resolution: {integrity: sha512-hTSXBRCPiQeVcoYRTAOtlSPFHcD6Iexf1Sbhjk/Ne5k+LUdeYAaDOZHdyljepO0+8HVavR31ZvkNCQXuoV793w==}
    peerDependencies:
      react: ^19.2.0

  '@tabler/icons-react@3.44.0':
    resolution: {integrity: sha512-8+rvzBbVm/1Z3sG3x7GUNAaxIKxwgz8xaMhRs23nrCnMTKRFAhEC+82zAIFeAA0seXdrAGX5HFCkaLpGK2rVHg==}
    peerDependencies:
      react: '>= 16'

  '@tabler/icons@3.44.0':
    resolution: {integrity: sha512-Wn0AOZG9sg0L+bjfMqq4eNhC6pQjIrk94LvvWYNYkY8KH8wC3YILRzQlrnVJc4FUeMxH/AK97QsYCX35H3LndA==}

  clsx@2.1.1:
    resolution: {integrity: sha512-eYm0QWBtUrBWZWG0d386OGAw16Z995PiOVo2B7bjWSbHedGl5e0ZWaq65kOGgUSNesEIDkB9ISbTg/JK9dhCZA==}
    engines: {node: '>=6'}

  csstype@3.2.3:
    resolution: {integrity: sha512-z1HGKcYy2xA8AGQfwrn0PAy+PB7X/GSj3UVJW9qKyn43xWa+gl5nXmU4qqLMRzWVLFC8KusUX8T/0kCiOYpAIQ==}

  detect-node-es@1.1.0:
    resolution: {integrity: sha512-ypdmJU/TbBby2Dxibuv7ZLW3Bs1QEmM7nHjEANfohJLvE0XVujisn1qPJcZxg+qDucsr+bP6fLD1rPS3AhJ7EQ==}

  dom-helpers@5.2.1:
    resolution: {integrity: sha512-nRCa7CK3VTrM2NmGkIy4cbK7IZlgBE/PYMn55rrXefr5xXDP0LdtfPnblFDoVdcAfslJ7or6iqAUnx0CCGIWQA==}

  get-nonce@1.0.1:
    resolution: {integrity: sha512-FJhYRoDaiatfEkUK8HKlicmu/3SGFD51q3itKDGoSTysQJBnfOcxU5GxnhE1E6soB76MbT0MBtnKJuXyAx+96Q==}
    engines: {node: '>=6'}

  js-tokens@4.0.0:
    resolution: {integrity: sha512-RdJUflcE3cUzKiMqQgsCu06FPu9UdIJO0beYbPhHN4k6apgJtifcoCtT9bcxOpYBtpD2kCM6Sbzg4CausW/PKQ==}

  loose-envify@1.4.0:
    resolution: {integrity: sha512-lyuxPGr/Wfhrlem2CL/UcnUc1zcqKAImBDzukY7Y5F/yQiNdko6+fRLevlw1HgMySw7f611UIY408EtxRSoK3Q==}
    hasBin: true

  object-assign@4.1.1:
    resolution: {integrity: sha512-rJgTQnkUnH1sFw8yT6VSU3zD3sWmu6sZhIseY8VX+GRu3P6F7Fu+JNDoXfklElbLJSnc3FUQHVe4cU5hj+BcUg==}
    engines: {node: '>=0.10.0'}

  prop-types@15.8.1:
    resolution: {integrity: sha512-oj87CgZICdulUohogVAR7AjlC0327U4el4L6eAvOqCeudMDVU0NThNaV+b9Df4dXgSP1gXMTnPdhfe/2qDH5cg==}

  react-dom@19.2.7:
    resolution: {integrity: sha512-t0BRVXvbiE/o20Hfw669rLbMCDWtYZLvmJigy2f0MxsXF+71pxhR3xOkspmsO8h3ZlNzyibAmtCa3l4lYKk6gQ==}
    peerDependencies:
      react: ^19.2.7

  react-is@16.13.1:
    resolution: {integrity: sha512-24e6ynE2H+OKt4kqsOvNd8kBpV65zoxbA4BVsEOB3ARVWQki/DHzaUoC5KuON/BiccDaCCTZBuOcfZs70kR8bQ==}

  react-number-format@5.4.5:
    resolution: {integrity: sha512-y8O2yHHj3w0aE9XO8d2BCcUOOdQTRSVq+WIuMlLVucAm5XNjJAy+BoOJiuQMldVYVOKTMyvVNfnbl2Oqp+YxGw==}
    peerDependencies:
      react: ^0.14 || ^15.0.0 || ^16.0.0 || ^17.0.0 || ^18.0.0 || ^19.0.0
      react-dom: ^0.14 || ^15.0.0 || ^16.0.0 || ^17.0.0 || ^18.0.0 || ^19.0.0

  react-remove-scroll-bar@2.3.8:
    resolution: {integrity: sha512-9r+yi9+mgU33AKcj6IbT9oRCO78WriSj6t/cF8DWBZJ9aOGPOTEDvdUDz1FwKim7QXWwmHqtdHnRJfhAxEG46Q==}
    engines: {node: '>=10'}
    peerDependencies:
      '@types/react': '*'
      react: ^16.8.0 || ^17.0.0 || ^18.0.0 || ^19.0.0
    peerDependenciesMeta:
      '@types/react':
        optional: true

  react-remove-scroll@2.7.2:
    resolution: {integrity: sha512-Iqb9NjCCTt6Hf+vOdNIZGdTiH1QSqr27H/Ek9sv/a97gfueI/5h1s3yRi1nngzMUaOOToin5dI1dXKdXiF+u0Q==}
    engines: {node: '>=10'}
    peerDependencies:
      '@types/react': '*'
      react: ^16.8.0 || ^17.0.0 || ^18.0.0 || ^19.0.0 || ^19.0.0-rc
    peerDependenciesMeta:
      '@types/react':
        optional: true

  react-style-singleton@2.2.3:
    resolution: {integrity: sha512-b6jSvxvVnyptAiLjbkWLE/lOnR4lfTtDAl+eUC7RZy+QQWc6wRzIV2CE6xBuMmDxc2qIihtDCZD5NPOFl7fRBQ==}
    engines: {node: '>=10'}
    peerDependencies:
      '@types/react': '*'
      react: ^16.8.0 || ^17.0.0 || ^18.0.0 || ^19.0.0 || ^19.0.0-rc
    peerDependenciesMeta:
      '@types/react':
        optional: true

  react-transition-group@4.4.5:
    resolution: {integrity: sha512-pZcd1MCJoiKiBR2NRxeCRg13uCXbydPnmB4EOeRrY7480qNWO8IIgQG6zlDkm6uRMsURXPuKq0GWtiM59a5Q6g==}
    peerDependencies:
      react: '>=16.6.0'
      react-dom: '>=16.6.0'

  react@19.2.7:
    resolution: {integrity: sha512-HNe9WslTbXmFK8o8cmwgAeJFSBvt1bPdHCVKtaaV+WlAN36mpT4hcRpwbf3fY56ar2oIXzsBpOAiIRHAdY0OlQ==}
    engines: {node: '>=0.10.0'}

  scheduler@0.27.0:
    resolution: {integrity: sha512-eNv+WrVbKu1f3vbYJT/xtiF5syA5HPIMtf9IgY/nKg0sWqzAUEvqY/xm7OcZc/qafLx/iO9FgOmeSAp4v5ti/Q==}

  tabbable@6.4.0:
    resolution: {integrity: sha512-05PUHKSNE8ou2dwIxTngl4EzcnsCDZGJ/iCLtDflR/SHB/ny14rXc+qU5P4mG9JkusiV7EivzY9Mhm55AzAvCg==}

  tagged-tag@1.0.0:
    resolution: {integrity: sha512-yEFYrVhod+hdNyx7g5Bnkkb0G6si8HJurOoOEgC8B/O0uXLHlaey/65KRv6cuWBNhBgHKAROVpc7QyYqE5gFng==}
    engines: {node: '>=20'}

  tslib@2.8.1:
    resolution: {integrity: sha512-oJFu94HQb+KVduSUQL7wnpmqnfmLsOA/nAh6b6EH0wCEoK0/mPeXU6c3wKDV83MkOuHPRHtSXKKU99IBazS/2w==}

  type-fest@5.7.0:
    resolution: {integrity: sha512-1URUxUqfHFM1c+zfSPsa3gnkO7Aq21qyH75SIduNYz4SzY964rn1X2vCMQaHSHhktiw+0kPa2iyb6PUpXqB6Vg==}
    engines: {node: '>=20'}

  use-callback-ref@1.3.3:
    resolution: {integrity: sha512-jQL3lRnocaFtu3V00JToYz/4QkNWswxijDaCVNZRiRTO3HQDLsdu1ZtmIUvV4yPp+rvWm5j0y0TG/S61cuijTg==}
    engines: {node: '>=10'}
    peerDependencies:
      '@types/react': '*'
      react: ^16.8.0 || ^17.0.0 || ^18.0.0 || ^19.0.0 || ^19.0.0-rc
    peerDependenciesMeta:
      '@types/react':
        optional: true

  use-sidecar@1.1.3:
    resolution: {integrity: sha512-Fedw0aZvkhynoPYlA5WXrMCAMm+nSWdZt6lzJQ7Ok8S6Q+VsHmHpRWndVRJ8Be0ZbkfPc5LRYH+5XrzXcEeLRQ==}
    engines: {node: '>=10'}
    peerDependencies:
      '@types/react': '*'
      react: ^16.8.0 || ^17.0.0 || ^18.0.0 || ^19.0.0 || ^19.0.0-rc
    peerDependenciesMeta:
      '@types/react':
        optional: true

snapshots:

  '@babel/runtime@7.29.7': {}

  '@doneisbetter/gds-admin@3.4.3(31d683ff181bba000d8c88a9b4b7d8fb)':
    dependencies:
      '@doneisbetter/gds-core': 3.4.3(@doneisbetter/gds-theme@3.4.3(@mantine/core@9.3.0(@mantine/hooks@9.3.0(react@19.2.7))(react-dom@19.2.7(react@19.2.7))(react@19.2.7))(@mantine/hooks@9.3.0(react@19.2.7))(@mantine/modals@9.3.0(@mantine/core@9.3.0(@mantine/hooks@9.3.0(react@19.2.7))(react-dom@19.2.7(react@19.2.7))(react@19.2.7))(@mantine/hooks@9.3.0(react@19.2.7))(react-dom@19.2.7(react@19.2.7))(react@19.2.7))(@mantine/notifications@9.3.0(@mantine/core@9.3.0(@mantine/hooks@9.3.0(react@19.2.7))(react-dom@19.2.7(react@19.2.7))(react@19.2.7))(@mantine/hooks@9.3.0(react@19.2.7))(react-dom@19.2.7(react@19.2.7))(react@19.2.7))(react-dom@19.2.7(react@19.2.7))(react@19.2.7))(@mantine/core@9.3.0(@mantine/hooks@9.3.0(react@19.2.7))(react-dom@19.2.7(react@19.2.7))(react@19.2.7))(@mantine/hooks@9.3.0(react@19.2.7))(@tabler/icons-react@3.44.0(react@19.2.7))(react-dom@19.2.7(react@19.2.7))(react@19.2.7)
      '@doneisbetter/gds-theme': 3.4.3(@mantine/core@9.3.0(@mantine/hooks@9.3.0(react@19.2.7))(react-dom@19.2.7(react@19.2.7))(react@19.2.7))(@mantine/hooks@9.3.0(react@19.2.7))(@mantine/modals@9.3.0(@mantine/core@9.3.0(@mantine/hooks@9.3.0(react@19.2.7))(react-dom@19.2.7(react@19.2.7))(react@19.2.7))(@mantine/hooks@9.3.0(react@19.2.7))(react-dom@19.2.7(react@19.2.7))(react@19.2.7))(@mantine/notifications@9.3.0(@mantine/core@9.3.0(@mantine/hooks@9.3.0(react@19.2.7))(react-dom@19.2.7(react@19.2.7))(react@19.2.7))(@mantine/hooks@9.3.0(react@19.2.7))(react-dom@19.2.7(react@19.2.7))(react@19.2.7))(react-dom@19.2.7(react@19.2.7))(react@19.2.7)
      '@mantine/core': 9.3.0(@mantine/hooks@9.3.0(react@19.2.7))(react-dom@19.2.7(react@19.2.7))(react@19.2.7)
      '@mantine/hooks': 9.3.0(react@19.2.7)
      '@tabler/icons-react': 3.44.0(react@19.2.7)
      react: 19.2.7
      react-dom: 19.2.7(react@19.2.7)

  '@doneisbetter/gds-core@3.4.3(@doneisbetter/gds-theme@3.4.3(@mantine/core@9.3.0(@mantine/hooks@9.3.0(react@19.2.7))(react-dom@19.2.7(react@19.2.7))(react@19.2.7))(@mantine/hooks@9.3.0(react@19.2.7))(@mantine/modals@9.3.0(@mantine/core@9.3.0(@mantine/hooks@9.3.0(react@19.2.7))(react-dom@19.2.7(react@19.2.7))(react@19.2.7))(@mantine/hooks@9.3.0(react@19.2.7))(react-dom@19.2.7(react@19.2.7))(react@19.2.7))(@mantine/notifications@9.3.0(@mantine/core@9.3.0(@mantine/hooks@9.3.0(react@19.2.7))(react-dom@19.2.7(react@19.2.7))(react@19.2.7))(@mantine/hooks@9.3.0(react@19.2.7))(react-dom@19.2.7(react@19.2.7))(react@19.2.7))(react-dom@19.2.7(react@19.2.7))(react@19.2.7))(@mantine/core@9.3.0(@mantine/hooks@9.3.0(react@19.2.7))(react-dom@19.2.7(react@19.2.7))(react@19.2.7))(@mantine/hooks@9.3.0(react@19.2.7))(@tabler/icons-react@3.44.0(react@19.2.7))(react-dom@19.2.7(react@19.2.7))(react@19.2.7)':
    dependencies:
      '@doneisbetter/gds-theme': 3.4.3(@mantine/core@9.3.0(@mantine/hooks@9.3.0(react@19.2.7))(react-dom@19.2.7(react@19.2.7))(react@19.2.7))(@mantine/hooks@9.3.0(react@19.2.7))(@mantine/modals@9.3.0(@mantine/core@9.3.0(@mantine/hooks@9.3.0(react@19.2.7))(react-dom@19.2.7(react@19.2.7))(react@19.2.7))(@mantine/hooks@9.3.0(react@19.2.7))(react-dom@19.2.7(react@19.2.7))(react@19.2.7))(@mantine/notifications@9.3.0(@mantine/core@9.3.0(@mantine/hooks@9.3.0(react@19.2.7))(react-dom@19.2.7(react@19.2.7))(react@19.2.7))(@mantine/hooks@9.3.0(react@19.2.7))(react-dom@19.2.7(react@19.2.7))(react@19.2.7))(react-dom@19.2.7(react@19.2.7))(react@19.2.7)
      '@mantine/core': 9.3.0(@mantine/hooks@9.3.0(react@19.2.7))(react-dom@19.2.7(react@19.2.7))(react@19.2.7)
      '@mantine/hooks': 9.3.0(react@19.2.7)
      '@tabler/icons-react': 3.44.0(react@19.2.7)
      react: 19.2.7
      react-dom: 19.2.7(react@19.2.7)

  '@doneisbetter/gds-theme@3.4.3(@mantine/core@9.3.0(@mantine/hooks@9.3.0(react@19.2.7))(react-dom@19.2.7(react@19.2.7))(react@19.2.7))(@mantine/hooks@9.3.0(react@19.2.7))(@mantine/modals@9.3.0(@mantine/core@9.3.0(@mantine/hooks@9.3.0(react@19.2.7))(react-dom@19.2.7(react@19.2.7))(react@19.2.7))(@mantine/hooks@9.3.0(react@19.2.7))(react-dom@19.2.7(react@19.2.7))(react@19.2.7))(@mantine/notifications@9.3.0(@mantine/core@9.3.0(@mantine/hooks@9.3.0(react@19.2.7))(react-dom@19.2.7(react@19.2.7))(react@19.2.7))(@mantine/hooks@9.3.0(react@19.2.7))(react-dom@19.2.7(react@19.2.7))(react@19.2.7))(react-dom@19.2.7(react@19.2.7))(react@19.2.7)':
    dependencies:
      '@mantine/core': 9.3.0(@mantine/hooks@9.3.0(react@19.2.7))(react-dom@19.2.7(react@19.2.7))(react@19.2.7)
      '@mantine/hooks': 9.3.0(react@19.2.7)
      '@mantine/modals': 9.3.0(@mantine/core@9.3.0(@mantine/hooks@9.3.0(react@19.2.7))(react-dom@19.2.7(react@19.2.7))(react@19.2.7))(@mantine/hooks@9.3.0(react@19.2.7))(react-dom@19.2.7(react@19.2.7))(react@19.2.7)
      '@mantine/notifications': 9.3.0(@mantine/core@9.3.0(@mantine/hooks@9.3.0(react@19.2.7))(react-dom@19.2.7(react@19.2.7))(react@19.2.7))(@mantine/hooks@9.3.0(react@19.2.7))(react-dom@19.2.7(react@19.2.7))(react@19.2.7)
      react: 19.2.7
      react-dom: 19.2.7(react@19.2.7)

  '@floating-ui/core@1.7.5':
    dependencies:
      '@floating-ui/utils': 0.2.11

  '@floating-ui/dom@1.7.6':
    dependencies:
      '@floating-ui/core': 1.7.5
      '@floating-ui/utils': 0.2.11

  '@floating-ui/react-dom@2.1.8(react-dom@19.2.7(react@19.2.7))(react@19.2.7)':
    dependencies:
      '@floating-ui/dom': 1.7.6
      react: 19.2.7
      react-dom: 19.2.7(react@19.2.7)

  '@floating-ui/react@0.27.19(react-dom@19.2.7(react@19.2.7))(react@19.2.7)':
    dependencies:
      '@floating-ui/react-dom': 2.1.8(react-dom@19.2.7(react@19.2.7))(react@19.2.7)
      '@floating-ui/utils': 0.2.11
      react: 19.2.7
      react-dom: 19.2.7(react@19.2.7)
      tabbable: 6.4.0

  '@floating-ui/utils@0.2.11': {}

  '@mantine/core@9.3.0(@mantine/hooks@9.3.0(react@19.2.7))(react-dom@19.2.7(react@19.2.7))(react@19.2.7)':
    dependencies:
      '@floating-ui/react': 0.27.19(react-dom@19.2.7(react@19.2.7))(react@19.2.7)
      '@mantine/hooks': 9.3.0(react@19.2.7)
      clsx: 2.1.1
      react: 19.2.7
      react-dom: 19.2.7(react@19.2.7)
      react-number-format: 5.4.5(react-dom@19.2.7(react@19.2.7))(react@19.2.7)
      react-remove-scroll: 2.7.2(react@19.2.7)
      type-fest: 5.7.0
    transitivePeerDependencies:
      - '@types/react'

  '@mantine/hooks@9.3.0(react@19.2.7)':
    dependencies:
      react: 19.2.7

  '@mantine/modals@9.3.0(@mantine/core@9.3.0(@mantine/hooks@9.3.0(react@19.2.7))(react-dom@19.2.7(react@19.2.7))(react@19.2.7))(@mantine/hooks@9.3.0(react@19.2.7))(react-dom@19.2.7(react@19.2.7))(react@19.2.7)':
    dependencies:
      '@mantine/core': 9.3.0(@mantine/hooks@9.3.0(react@19.2.7))(react-dom@19.2.7(react@19.2.7))(react@19.2.7)
      '@mantine/hooks': 9.3.0(react@19.2.7)
      react: 19.2.7
      react-dom: 19.2.7(react@19.2.7)

  '@mantine/notifications@9.3.0(@mantine/core@9.3.0(@mantine/hooks@9.3.0(react@19.2.7))(react-dom@19.2.7(react@19.2.7))(react@19.2.7))(@mantine/hooks@9.3.0(react@19.2.7))(react-dom@19.2.7(react@19.2.7))(react@19.2.7)':
    dependencies:
      '@mantine/core': 9.3.0(@mantine/hooks@9.3.0(react@19.2.7))(react-dom@19.2.7(react@19.2.7))(react@19.2.7)
      '@mantine/hooks': 9.3.0(react@19.2.7)
      '@mantine/store': 9.3.0(react@19.2.7)
      react: 19.2.7
      react-dom: 19.2.7(react@19.2.7)
      react-transition-group: 4.4.5(react-dom@19.2.7(react@19.2.7))(react@19.2.7)

  '@mantine/store@9.3.0(react@19.2.7)':
    dependencies:
      react: 19.2.7

  '@tabler/icons-react@3.44.0(react@19.2.7)':
    dependencies:
      '@tabler/icons': 3.44.0
      react: 19.2.7

  '@tabler/icons@3.44.0': {}

  clsx@2.1.1: {}

  csstype@3.2.3: {}

  detect-node-es@1.1.0: {}

  dom-helpers@5.2.1:
    dependencies:
      '@babel/runtime': 7.29.7
      csstype: 3.2.3

  get-nonce@1.0.1: {}

  js-tokens@4.0.0: {}

  loose-envify@1.4.0:
    dependencies:
      js-tokens: 4.0.0

  object-assign@4.1.1: {}

  prop-types@15.8.1:
    dependencies:
      loose-envify: 1.4.0
      object-assign: 4.1.1
      react-is: 16.13.1

  react-dom@19.2.7(react@19.2.7):
    dependencies:
      react: 19.2.7
      scheduler: 0.27.0

  react-is@16.13.1: {}

  react-number-format@5.4.5(react-dom@19.2.7(react@19.2.7))(react@19.2.7):
    dependencies:
      react: 19.2.7
      react-dom: 19.2.7(react@19.2.7)

  react-remove-scroll-bar@2.3.8(react@19.2.7):
    dependencies:
      react: 19.2.7
      react-style-singleton: 2.2.3(react@19.2.7)
      tslib: 2.8.1

  react-remove-scroll@2.7.2(react@19.2.7):
    dependencies:
      react: 19.2.7
      react-remove-scroll-bar: 2.3.8(react@19.2.7)
      react-style-singleton: 2.2.3(react@19.2.7)
      tslib: 2.8.1
      use-callback-ref: 1.3.3(react@19.2.7)
      use-sidecar: 1.1.3(react@19.2.7)

  react-style-singleton@2.2.3(react@19.2.7):
    dependencies:
      get-nonce: 1.0.1
      react: 19.2.7
      tslib: 2.8.1

  react-transition-group@4.4.5(react-dom@19.2.7(react@19.2.7))(react@19.2.7):
    dependencies:
      '@babel/runtime': 7.29.7
      dom-helpers: 5.2.1
      loose-envify: 1.4.0
      prop-types: 15.8.1
      react: 19.2.7
      react-dom: 19.2.7(react@19.2.7)

  react@19.2.7: {}

  scheduler@0.27.0: {}

  tabbable@6.4.0: {}

  tagged-tag@1.0.0: {}

  tslib@2.8.1: {}

  type-fest@5.7.0:
    dependencies:
      tagged-tag: 1.0.0

  use-callback-ref@1.3.3(react@19.2.7):
    dependencies:
      react: 19.2.7
      tslib: 2.8.1

  use-sidecar@1.1.3(react@19.2.7):
    dependencies:
      detect-node-es: 1.1.0
      react: 19.2.7
      tslib: 2.8.1
